{
  "originHash" : "c70dee1816e53a1199a8dea25b8eec05ce6756c449ff6c08956579f72d5ab0f1",
  "pins" : [
    {
      "identity" : "prefire",
      "kind" : "remoteSourceControl",
      "location" : "https://github.com/BarredEwe/Prefire.git",
      "state" : {
        "revision" : "6986d001061e5a41e31cc1f9ea70e427c8435568",
        "version" : "5.4.1"
      }
    },
    {
      "identity" : "swift-custom-dump",
      "kind" : "remoteSourceControl",
      "location" : "https://github.com/pointfreeco/swift-custom-dump",
      "state" : {
        "revision" : "2a2a938798236b8fa0bc57c453ee9de9f9ec3ab0",
        "version" : "1.4.1"
      }
    },
    {
      "identity" : "swift-snapshot-testing",
      "kind" : "remoteSourceControl",
      "location" : "https://github.com/tdrhq/swift-snapshot-testing",
      "state" : {
        "revision" : "fdd95d89e1e1389435cc93bd4a8ddda4734a0aa2",
        "version" : "1.18.6-sb"
      }
    },
    {
      "identity" : "swift-syntax",
      "kind" : "remoteSourceControl",
      "location" : "https://github.com/swiftlang/swift-syntax",
      "state" : {
        "revision" : "f99ae8aa18f0cf0d53481901f88a0991dc3bd4a2",
        "version" : "601.0.1"
      }
    },
    {
      "identity" : "xctest-dynamic-overlay",
      "kind" : "remoteSourceControl",
      "location" : "https://github.com/pointfreeco/xctest-dynamic-overlay",
      "state" : {
        "revision" : "34e463e98ab8541c604af706c99bed7160f5ec70",
        "version" : "1.8.1"
      }
    }
  ],
  "version" : 3
}
