// !$*UTF8*$!
{
	archiveVersion = 1;
	classes = {
	};
	objectVersion = 77;
	objects = {

/* Begin PBXBuildFile section */
		24BF99772F3B54D700845EAF /* Prefire in Frameworks */ = {isa = PBXBuildFile; productRef = 24BF99762F3B54D700845EAF /* Prefire */; };
		24BF9AA22F3B69A100845EAF /* SnapshotTesting in Frameworks */ = {isa = PBXBuildFile; productRef = 24BF9AA12F3B69A100845EAF /* SnapshotTesting */; };
		24BF9AA62F3B6BDD00845EAF /* Prefire in Frameworks */ = {isa = PBXBuildFile; productRef = 24BF9AA52F3B6BDD00845EAF /* Prefire */; };
		A74FDA202F3A2674000A32F5 /* DesignSystem in Frameworks */ = {isa = PBXBuildFile; productRef = A74FDA212F3A2674000A32F5 /* DesignSystem */; };
/* End PBXBuildFile section */

/* Begin PBXContainerItemProxy section */
		24BF996F2F3B548200845EAF /* PBXContainerItemProxy */ = {
			isa = PBXContainerItemProxy;
			containerPortal = A74FD9E12F3A2672000A32F5 /* Project object */;
			proxyType = 1;
			remoteGlobalIDString = A74FD9E82F3A2672000A32F5;
			remoteInfo = SampleWorkshopApp;
		};
/* End PBXContainerItemProxy section */

/* Begin PBXFileReference section */
		24BF996B2F3B548200845EAF /* SampleWorkshopAppTests.xctest */ = {isa = PBXFileReference; explicitFileType = wrapper.cfbundle; includeInIndex = 0; path = SampleWorkshopAppTests.xctest; sourceTree = BUILT_PRODUCTS_DIR; };
		A74FD9E92F3A2672000A32F5 /* SampleWorkshopApp.app */ = {isa = PBXFileReference; explicitFileType = wrapper.application; includeInIndex = 0; path = SampleWorkshopApp.app; sourceTree = BUILT_PRODUCTS_DIR; };
/* End PBXFileReference section */

/* Begin PBXFileSystemSynchronizedRootGroup section */
		24BF996C2F3B548200845EAF /* SampleWorkshopAppTests */ = {
			isa = PBXFileSystemSynchronizedRootGroup;
			path = SampleWorkshopAppTests;
			sourceTree = "<group>";
		};
		A74FD9EB2F3A2672000A32F5 /* SampleWorkshopApp */ = {
			isa = PBXFileSystemSynchronizedRootGroup;
			path = SampleWorkshopApp;
			sourceTree = "<group>";
		};
		A74FD9F92F3A2673000A32F5 /* SampleWorkshopAppTests */ = {
			isa = PBXFileSystemSynchronizedRootGroup;
			path = SampleWorkshopAppTests;
			sourceTree = "<group>";
		};
		A74FDA032F3A2673000A32F5 /* SampleWorkshopAppUITests */ = {
			isa = PBXFileSystemSynchronizedRootGroup;
			path = SampleWorkshopAppUITests;
			sourceTree = "<group>";
		};
/* End PBXFileSystemSynchronizedRootGroup section */

/* Begin PBXFrameworksBuildPhase section */
		24BF99682F3B548200845EAF /* Frameworks */ = {
			isa = PBXFrameworksBuildPhase;
			buildActionMask = 2147483647;
			files = (
				24BF99772F3B54D700845EAF /* Prefire in Frameworks */,
				24BF9AA22F3B69A100845EAF /* SnapshotTesting in Frameworks */,
			);
			runOnlyForDeploymentPostprocessing = 0;
		};
		A74FD9E62F3A2672000A32F5 /* Frameworks */ = {
			isa = PBXFrameworksBuildPhase;
			buildActionMask = 2147483647;
			files = (
				24BF9AA62F3B6BDD00845EAF /* Prefire in Frameworks */,
				A74FDA202F3A2674000A32F5 /* DesignSystem in Frameworks */,
			);
			runOnlyForDeploymentPostprocessing = 0;
		};
/* End PBXFrameworksBuildPhase section */

/* Begin PBXGroup section */
		24BF99622F3B52E900845EAF /* Frameworks */ = {
			isa = PBXGroup;
			children = (
			);
			name = Frameworks;
			sourceTree = "<group>";
		};
		A74FD9E02F3A2672000A32F5 = {
			isa = PBXGroup;
			children = (
				A74FD9EB2F3A2672000A32F5 /* SampleWorkshopApp */,
				A74FD9F92F3A2673000A32F5 /* SampleWorkshopAppTests */,
				A74FDA032F3A2673000A32F5 /* SampleWorkshopAppUITests */,
				24BF996C2F3B548200845EAF /* SampleWorkshopAppTests */,
				24BF99622F3B52E900845EAF /* Frameworks */,
				A74FD9EA2F3A2672000A32F5 /* Products */,
			);
			sourceTree = "<group>";
		};
		A74FD9EA2F3A2672000A32F5 /* Products */ = {
			isa = PBXGroup;
			children = (
				A74FD9E92F3A2672000A32F5 /* SampleWorkshopApp.app */,
				24BF996B2F3B548200845EAF /* SampleWorkshopAppTests.xctest */,
			);
			name = Products;
			sourceTree = "<group>";
		};
/* End PBXGroup section */

/* Begin PBXNativeTarget section */
		24BF996A2F3B548200845EAF /* SampleWorkshopAppTests */ = {
			isa = PBXNativeTarget;
			buildConfigurationList = 24BF99712F3B548200845EAF /* Build configuration list for PBXNativeTarget "SampleWorkshopAppTests" */;
			buildPhases = (
				24BF99672F3B548200845EAF /* Sources */,
				24BF99682F3B548200845EAF /* Frameworks */,
				24BF99692F3B548200845EAF /* Resources */,
			);
			buildRules = (
			);
			dependencies = (
				24BF9AA82F3B6C2000845EAF /* PBXTargetDependency */,
				24BF99702F3B548200845EAF /* PBXTargetDependency */,
			);
			fileSystemSynchronizedGroups = (
				24BF996C2F3B548200845EAF /* SampleWorkshopAppTests */,
			);
			name = SampleWorkshopAppTests;
			packageProductDependencies = (
				24BF99762F3B54D700845EAF /* Prefire */,
				24BF9AA12F3B69A100845EAF /* SnapshotTesting */,
			);
			productName = SampleWorkshopAppTests;
			productReference = 24BF996B2F3B548200845EAF /* SampleWorkshopAppTests.xctest */;
			productType = "com.apple.product-type.bundle.unit-test";
		};
		A74FD9E82F3A2672000A32F5 /* SampleWorkshopApp */ = {
			isa = PBXNativeTarget;
			buildConfigurationList = A74FDA0A2F3A2673000A32F5 /* Build configuration list for PBXNativeTarget "SampleWorkshopApp" */;
			buildPhases = (
				A74FD9E52F3A2672000A32F5 /* Sources */,
				A74FD9E62F3A2672000A32F5 /* Frameworks */,
				A74FD9E72F3A2672000A32F5 /* Resources */,
			);
			buildRules = (
			);
			dependencies = (
			);
			fileSystemSynchronizedGroups = (
				A74FD9EB2F3A2672000A32F5 /* SampleWorkshopApp */,
			);
			name = SampleWorkshopApp;
			packageProductDependencies = (
				A74FDA212F3A2674000A32F5 /* DesignSystem */,
				24BF9AA52F3B6BDD00845EAF /* Prefire */,
			);
			productName = SampleWorkshopApp;
			productReference = A74FD9E92F3A2672000A32F5 /* SampleWorkshopApp.app */;
			productType = "com.apple.product-type.application";
		};
/* End PBXNativeTarget section */

/* Begin PBXProject section */
		A74FD9E12F3A2672000A32F5 /* Project object */ = {
			isa = PBXProject;
			attributes = {
				BuildIndependentTargetsInParallel = 1;
				LastSwiftUpdateCheck = 2630;
				LastUpgradeCheck = 1640;
				TargetAttributes = {
					24BF996A2F3B548200845EAF = {
						CreatedOnToolsVersion = 26.3;
						TestTargetID = A74FD9E82F3A2672000A32F5;
					};
					A74FD9E82F3A2672000A32F5 = {
						CreatedOnToolsVersion = 16.4;
					};
				};
			};
			buildConfigurationList = A74FD9E42F3A2672000A32F5 /* Build configuration list for PBXProject "SampleWorkshopApp" */;
			developmentRegion = en;
			hasScannedForEncodings = 0;
			knownRegions = (
				en,
				Base,
			);
			mainGroup = A74FD9E02F3A2672000A32F5;
			minimizedProjectReferenceProxies = 1;
			packageReferences = (
				A74FDA222F3A2674000A32F5 /* XCLocalSwiftPackageReference "DesignSystem" */,
				24BF995D2F3B529500845EAF /* XCRemoteSwiftPackageReference "Prefire" */,
				24BF9AA02F3B69A100845EAF /* XCRemoteSwiftPackageReference "swift-snapshot-testing" */,
			);
			preferredProjectObjectVersion = 77;
			productRefGroup = A74FD9EA2F3A2672000A32F5 /* Products */;
			projectDirPath = "";
			projectRoot = "";
			targets = (
				A74FD9E82F3A2672000A32F5 /* SampleWorkshopApp */,
				24BF996A2F3B548200845EAF /* SampleWorkshopAppTests */,
			);
		};
/* End PBXProject section */

/* Begin PBXResourcesBuildPhase section */
		24BF99692F3B548200845EAF /* Resources */ = {
			isa = PBXResourcesBuildPhase;
			buildActionMask = 2147483647;
			files = (
			);
			runOnlyForDeploymentPostprocessing = 0;
		};
		A74FD9E72F3A2672000A32F5 /* Resources */ = {
			isa = PBXResourcesBuildPhase;
			buildActionMask = 2147483647;
			files = (
			);
			runOnlyForDeploymentPostprocessing = 0;
		};
/* End PBXResourcesBuildPhase section */

/* Begin PBXSourcesBuildPhase section */
		24BF99672F3B548200845EAF /* Sources */ = {
			isa = PBXSourcesBuildPhase;
			buildActionMask = 2147483647;
			files = (
			);
			runOnlyForDeploymentPostprocessing = 0;
		};
		A74FD9E52F3A2672000A32F5 /* Sources */ = {
			isa = PBXSourcesBuildPhase;
			buildActionMask = 2147483647;
			files = (
			);
			runOnlyForDeploymentPostprocessing = 0;
		};
/* End PBXSourcesBuildPhase section */

/* Begin PBXTargetDependency section */
		24BF99702F3B548200845EAF /* PBXTargetDependency */ = {
			isa = PBXTargetDependency;
			target = A74FD9E82F3A2672000A32F5 /* SampleWorkshopApp */;
			targetProxy = 24BF996F2F3B548200845EAF /* PBXContainerItemProxy */;
		};
		24BF9AA82F3B6C2000845EAF /* PBXTargetDependency */ = {
			isa = PBXTargetDependency;
			productRef = 24BF9AA72F3B6C2000845EAF /* PrefireTestsPlugin */;
		};
/* End PBXTargetDependency section */

/* Begin XCBuildConfiguration section */
		24BF99722F3B548200845EAF /* Debug */ = {
			isa = XCBuildConfiguration;
			buildSettings = {
				BUNDLE_LOADER = "$(TEST_HOST)";
				CODE_SIGN_STYLE = Automatic;
				CURRENT_PROJECT_VERSION = 1;
				DEVELOPMENT_TEAM = 73SG74NR2S;
				GENERATE_INFOPLIST_FILE = YES;
				IPHONEOS_DEPLOYMENT_TARGET = 26.2;
				MARKETING_VERSION = 1.0;
				PRODUCT_BUNDLE_IDENTIFIER = piotrknapczyk.SampleWorkshopAppTests;
				PRODUCT_NAME = "$(TARGET_NAME)";
				STRING_CATALOG_GENERATE_SYMBOLS = NO;
				SWIFT_APPROACHABLE_CONCURRENCY = YES;
				SWIFT_EMIT_LOC_STRINGS = NO;
				SWIFT_UPCOMING_FEATURE_MEMBER_IMPORT_VISIBILITY = YES;
				SWIFT_VERSION = 5.0;
				TARGETED_DEVICE_FAMILY = "1,2";
				TEST_HOST = "$(BUILT_PRODUCTS_DIR)/SampleWorkshopApp.app/$(BUNDLE_EXECUTABLE_FOLDER_PATH)/SampleWorkshopApp";
			};
			name = Debug;
		};
		24BF99732F3B548200845EAF /* Release */ = {
			isa = XCBuildConfiguration;
			buildSettings = {
				BUNDLE_LOADER = "$(TEST_HOST)";
				CODE_SIGN_STYLE = Automatic;
				CURRENT_PROJECT_VERSION = 1;
				DEVELOPMENT_TEAM = 73SG74NR2S;
				GENERATE_INFOPLIST_FILE = YES;
				IPHONEOS_DEPLOYMENT_TARGET = 26.2;
				MARKETING_VERSION = 1.0;
				PRODUCT_BUNDLE_IDENTIFIER = piotrknapczyk.SampleWorkshopAppTests;
				PRODUCT_NAME = "$(TARGET_NAME)";
				STRING_CATALOG_GENERATE_SYMBOLS = NO;
				SWIFT_APPROACHABLE_CONCURRENCY = YES;
				SWIFT_EMIT_LOC_STRINGS = NO;
				SWIFT_UPCOMING_FEATURE_MEMBER_IMPORT_VISIBILITY = YES;
				SWIFT_VERSION = 5.0;
				TARGETED_DEVICE_FAMILY = "1,2";
				TEST_HOST = "$(BUILT_PRODUCTS_DIR)/SampleWorkshopApp.app/$(BUNDLE_EXECUTABLE_FOLDER_PATH)/SampleWorkshopApp";
			};
			name = Release;
		};
		A74FDA082F3A2673000A32F5 /* Debug */ = {
			isa = XCBuildConfiguration;
			buildSettings = {
				ALWAYS_SEARCH_USER_PATHS = NO;
				ASSETCATALOG_COMPILER_GENERATE_SWIFT_ASSET_SYMBOL_EXTENSIONS = YES;
				CLANG_ANALYZER_NONNULL = YES;
				CLANG_ANALYZER_NUMBER_OBJECT_CONVERSION = YES_AGGRESSIVE;
				CLANG_CXX_LANGUAGE_STANDARD = "gnu++20";
				CLANG_ENABLE_MODULES = YES;
				CLANG_ENABLE_OBJC_ARC = YES;
				CLANG_ENABLE_OBJC_WEAK = YES;
				CLANG_WARN_BLOCK_CAPTURE_AUTORELEASING = YES;
				CLANG_WARN_BOOL_CONVERSION = YES;
				CLANG_WARN_COMMA = YES;
				CLANG_WARN_CONSTANT_CONVERSION = YES;
				CLANG_WARN_DEPRECATED_OBJC_IMPLEMENTATIONS = YES;
				CLANG_WARN_DIRECT_OBJC_ISA_USAGE = YES_ERROR;
				CLANG_WARN_DOCUMENTATION_COMMENTS = YES;
				CLANG_WARN_EMPTY_BODY = YES;
				CLANG_WARN_ENUM_CONVERSION = YES;
				CLANG_WARN_INFINITE_RECURSION = YES;
				CLANG_WARN_INT_CONVERSION = YES;
				CLANG_WARN_NON_LITERAL_NULL_CONVERSION = YES;
				CLANG_WARN_OBJC_IMPLICIT_RETAIN_SELF = YES;
				CLANG_WARN_OBJC_LITERAL_CONVERSION = YES;
				CLANG_WARN_OBJC_ROOT_CLASS = YES_ERROR;
				CLANG_WARN_QUOTED_INCLUDE_IN_FRAMEWORK_HEADER = YES;
				CLANG_WARN_RANGE_LOOP_ANALYSIS = YES;
				CLANG_WARN_STRICT_PROTOTYPES = YES;
				CLANG_WARN_SUSPICIOUS_MOVE = YES;
				CLANG_WARN_UNGUARDED_AVAILABILITY = YES_AGGRESSIVE;
				CLANG_WARN_UNREACHABLE_CODE = YES;
				CLANG_WARN__DUPLICATE_METHOD_MATCH = YES;
				COPY_PHASE_STRIP = NO;
				DEBUG_INFORMATION_FORMAT = dwarf;
				ENABLE_STRICT_OBJC_MSGSEND = YES;
				ENABLE_TESTABILITY = YES;
				ENABLE_USER_SCRIPT_SANDBOXING = YES;
				GCC_C_LANGUAGE_STANDARD = gnu17;
				GCC_DYNAMIC_NO_PIC = NO;
				GCC_NO_COMMON_BLOCKS = YES;
				GCC_OPTIMIZATION_LEVEL = 0;
				GCC_PREPROCESSOR_DEFINITIONS = (
					"DEBUG=1",
					"$(inherited)",
				);
				GCC_WARN_64_TO_32_BIT_CONVERSION = YES;
				GCC_WARN_ABOUT_RETURN_TYPE = YES_ERROR;
				GCC_WARN_UNDECLARED_SELECTOR = YES;
				GCC_WARN_UNINITIALIZED_AUTOS = YES_AGGRESSIVE;
				GCC_WARN_UNUSED_FUNCTION = YES;
				GCC_WARN_UNUSED_VARIABLE = YES;
				IPHONEOS_DEPLOYMENT_TARGET = 18.5;
				LOCALIZATION_PREFERS_STRING_CATALOGS = YES;
				MTL_ENABLE_DEBUG_INFO = INCLUDE_SOURCE;
				MTL_FAST_MATH = YES;
				ONLY_ACTIVE_ARCH = YES;
				SDKROOT = iphoneos;
				SWIFT_ACTIVE_COMPILATION_CONDITIONS = "DEBUG $(inherited)";
				SWIFT_OPTIMIZATION_LEVEL = "-Onone";
			};
			name = Debug;
		};
		A74FDA092F3A2673000A32F5 /* Release */ = {
			isa = XCBuildConfiguration;
			buildSettings = {
				ALWAYS_SEARCH_USER_PATHS = NO;
				ASSETCATALOG_COMPILER_GENERATE_SWIFT_ASSET_SYMBOL_EXTENSIONS = YES;
				CLANG_ANALYZER_NONNULL = YES;
				CLANG_ANALYZER_NUMBER_OBJECT_CONVERSION = YES_AGGRESSIVE;
				CLANG_CXX_LANGUAGE_STANDARD = "gnu++20";
				CLANG_ENABLE_MODULES = YES;
				CLANG_ENABLE_OBJC_ARC = YES;
				CLANG_ENABLE_OBJC_WEAK = YES;
				CLANG_WARN_BLOCK_CAPTURE_AUTORELEASING = YES;
				CLANG_WARN_BOOL_CONVERSION = YES;
				CLANG_WARN_COMMA = YES;
				CLANG_WARN_CONSTANT_CONVERSION = YES;
				CLANG_WARN_DEPRECATED_OBJC_IMPLEMENTATIONS = YES;
				CLANG_WARN_DIRECT_OBJC_ISA_USAGE = YES_ERROR;
				CLANG_WARN_DOCUMENTATION_COMMENTS = YES;
				CLANG_WARN_EMPTY_BODY = YES;
				CLANG_WARN_ENUM_CONVERSION = YES;
				CLANG_WARN_INFINITE_RECURSION = YES;
				CLANG_WARN_INT_CONVERSION = YES;
				CLANG_WARN_NON_LITERAL_NULL_CONVERSION = YES;
				CLANG_WARN_OBJC_IMPLICIT_RETAIN_SELF = YES;
				CLANG_WARN_OBJC_LITERAL_CONVERSION = YES;
				CLANG_WARN_OBJC_ROOT_CLASS = YES_ERROR;
				CLANG_WARN_QUOTED_INCLUDE_IN_FRAMEWORK_HEADER = YES;
				CLANG_WARN_RANGE_LOOP_ANALYSIS = YES;
				CLANG_WARN_STRICT_PROTOTYPES = YES;
				CLANG_WARN_SUSPICIOUS_MOVE = YES;
				CLANG_WARN_UNGUARDED_AVAILABILITY = YES_AGGRESSIVE;
				CLANG_WARN_UNREACHABLE_CODE = YES;
				CLANG_WARN__DUPLICATE_METHOD_MATCH = YES;
				COPY_PHASE_STRIP = NO;
				DEBUG_INFORMATION_FORMAT = "dwarf-with-dsym";
				ENABLE_NS_ASSERTIONS = NO;
				ENABLE_STRICT_OBJC_MSGSEND = YES;
				ENABLE_USER_SCRIPT_SANDBOXING = YES;
				GCC_C_LANGUAGE_STANDARD = gnu17;
				GCC_NO_COMMON_BLOCKS = YES;
				GCC_WARN_64_TO_32_BIT_CONVERSION = YES;
				GCC_WARN_ABOUT_RETURN_TYPE = YES_ERROR;
				GCC_WARN_UNDECLARED_SELECTOR = YES;
				GCC_WARN_UNINITIALIZED_AUTOS = YES_AGGRESSIVE;
				GCC_WARN_UNUSED_FUNCTION = YES;
				GCC_WARN_UNUSED_VARIABLE = YES;
				IPHONEOS_DEPLOYMENT_TARGET = 18.5;
				LOCALIZATION_PREFERS_STRING_CATALOGS = YES;
				MTL_ENABLE_DEBUG_INFO = NO;
				MTL_FAST_MATH = YES;
				SDKROOT = iphoneos;
				SWIFT_COMPILATION_MODE = wholemodule;
				VALIDATE_PRODUCT = YES;
			};
			name = Release;
		};
		A74FDA0B2F3A2673000A32F5 /* Debug */ = {
			isa = XCBuildConfiguration;
			buildSettings = {
				ASSETCATALOG_COMPILER_APPICON_NAME = AppIcon;
				ASSETCATALOG_COMPILER_GLOBAL_ACCENT_COLOR_NAME = AccentColor;
				CODE_SIGN_STYLE = Automatic;
				CURRENT_PROJECT_VERSION = 1;
				ENABLE_PREVIEWS = YES;
				GENERATE_INFOPLIST_FILE = YES;
				INFOPLIST_KEY_UIApplicationSceneManifest_Generation = YES;
				INFOPLIST_KEY_UIApplicationSupportsIndirectInputEvents = YES;
				INFOPLIST_KEY_UILaunchScreen_Generation = YES;
				INFOPLIST_KEY_UISupportedInterfaceOrientations_iPad = "UIInterfaceOrientationPortrait UIInterfaceOrientationPortraitUpsideDown UIInterfaceOrientationLandscapeLeft UIInterfaceOrientationLandscapeRight";
				INFOPLIST_KEY_UISupportedInterfaceOrientations_iPhone = "UIInterfaceOrientationPortrait UIInterfaceOrientationLandscapeLeft UIInterfaceOrientationLandscapeRight";
				LD_RUNPATH_SEARCH_PATHS = (
					"$(inherited)",
					"@executable_path/Frameworks",
				);
				MARKETING_VERSION = 1.0;
				PRODUCT_BUNDLE_IDENTIFIER = com.example.SampleWorkshopApp;
				PRODUCT_NAME = "$(TARGET_NAME)";
				SWIFT_EMIT_LOC_STRINGS = YES;
				SWIFT_VERSION = 5.0;
				TARGETED_DEVICE_FAMILY = "1,2";
			};
			name = Debug;
		};
		A74FDA0C2F3A2673000A32F5 /* Release */ = {
			isa = XCBuildConfiguration;
			buildSettings = {
				ASSETCATALOG_COMPILER_APPICON_NAME = AppIcon;
				ASSETCATALOG_COMPILER_GLOBAL_ACCENT_COLOR_NAME = AccentColor;
				CODE_SIGN_STYLE = Automatic;
				CURRENT_PROJECT_VERSION = 1;
				ENABLE_PREVIEWS = YES;
				GENERATE_INFOPLIST_FILE = YES;
				INFOPLIST_KEY_UIApplicationSceneManifest_Generation = YES;
				INFOPLIST_KEY_UIApplicationSupportsIndirectInputEvents = YES;
				INFOPLIST_KEY_UILaunchScreen_Generation = YES;
				INFOPLIST_KEY_UISupportedInterfaceOrientations_iPad = "UIInterfaceOrientationPortrait UIInterfaceOrientationPortraitUpsideDown UIInterfaceOrientationLandscapeLeft UIInterfaceOrientationLandscapeRight";
				INFOPLIST_KEY_UISupportedInterfaceOrientations_iPhone = "UIInterfaceOrientationPortrait UIInterfaceOrientationLandscapeLeft UIInterfaceOrientationLandscapeRight";
				LD_RUNPATH_SEARCH_PATHS = (
					"$(inherited)",
					"@executable_path/Frameworks",
				);
				MARKETING_VERSION = 1.0;
				PRODUCT_BUNDLE_IDENTIFIER = com.example.SampleWorkshopApp;
				PRODUCT_NAME = "$(TARGET_NAME)";
				SWIFT_EMIT_LOC_STRINGS = YES;
				SWIFT_VERSION = 5.0;
				TARGETED_DEVICE_FAMILY = "1,2";
			};
			name = Release;
		};
/* End XCBuildConfiguration section */

/* Begin XCConfigurationList section */
		24BF99712F3B548200845EAF /* Build configuration list for PBXNativeTarget "SampleWorkshopAppTests" */ = {
			isa = XCConfigurationList;
			buildConfigurations = (
				24BF99722F3B548200845EAF /* Debug */,
				24BF99732F3B548200845EAF /* Release */,
			);
			defaultConfigurationIsVisible = 0;
			defaultConfigurationName = Release;
		};
		A74FD9E42F3A2672000A32F5 /* Build configuration list for PBXProject "SampleWorkshopApp" */ = {
			isa = XCConfigurationList;
			buildConfigurations = (
				A74FDA082F3A2673000A32F5 /* Debug */,
				A74FDA092F3A2673000A32F5 /* Release */,
			);
			defaultConfigurationIsVisible = 0;
			defaultConfigurationName = Release;
		};
		A74FDA0A2F3A2673000A32F5 /* Build configuration list for PBXNativeTarget "SampleWorkshopApp" */ = {
			isa = XCConfigurationList;
			buildConfigurations = (
				A74FDA0B2F3A2673000A32F5 /* Debug */,
				A74FDA0C2F3A2673000A32F5 /* Release */,
			);
			defaultConfigurationIsVisible = 0;
			defaultConfigurationName = Release;
		};
/* End XCConfigurationList section */

/* Begin XCLocalSwiftPackageReference section */
		A74FDA222F3A2674000A32F5 /* XCLocalSwiftPackageReference "DesignSystem" */ = {
			isa = XCLocalSwiftPackageReference;
			relativePath = DesignSystem;
		};
/* End XCLocalSwiftPackageReference section */

/* Begin XCRemoteSwiftPackageReference section */
		24BF995D2F3B529500845EAF /* XCRemoteSwiftPackageReference "Prefire" */ = {
			isa = XCRemoteSwiftPackageReference;
			repositoryURL = "https://github.com/BarredEwe/Prefire";
			requirement = {
				kind = upToNextMajorVersion;
				minimumVersion = 5.4.1;
			};
		};
		24BF9AA02F3B69A100845EAF /* XCRemoteSwiftPackageReference "swift-snapshot-testing" */ = {
			isa = XCRemoteSwiftPackageReference;
			repositoryURL = "https://github.com/tdrhq/swift-snapshot-testing";
			requirement = {
				kind = exactVersion;
				version = "1.18.6-sb";
			};
		};
/* End XCRemoteSwiftPackageReference section */

/* Begin XCSwiftPackageProductDependency section */
		24BF99762F3B54D700845EAF /* Prefire */ = {
			isa = XCSwiftPackageProductDependency;
			package = 24BF995D2F3B529500845EAF /* XCRemoteSwiftPackageReference "Prefire" */;
			productName = Prefire;
		};
		24BF9AA12F3B69A100845EAF /* SnapshotTesting */ = {
			isa = XCSwiftPackageProductDependency;
			package = 24BF9AA02F3B69A100845EAF /* XCRemoteSwiftPackageReference "swift-snapshot-testing" */;
			productName = SnapshotTesting;
		};
		24BF9AA52F3B6BDD00845EAF /* Prefire */ = {
			isa = XCSwiftPackageProductDependency;
			package = 24BF995D2F3B529500845EAF /* XCRemoteSwiftPackageReference "Prefire" */;
			productName = Prefire;
		};
		24BF9AA72F3B6C2000845EAF /* PrefireTestsPlugin */ = {
			isa = XCSwiftPackageProductDependency;
			package = 24BF995D2F3B529500845EAF /* XCRemoteSwiftPackageReference "Prefire" */;
			productName = "plugin:PrefireTestsPlugin";
		};
		A74FDA212F3A2674000A32F5 /* DesignSystem */ = {
			isa = XCSwiftPackageProductDependency;
			productName = DesignSystem;
		};
/* End XCSwiftPackageProductDependency section */
	};
	rootObject = A74FD9E12F3A2672000A32F5 /* Project object */;
}
